// !$*UTF8*$!
{
	archiveVersion = 1;
	classes = {
	};
	objectVersion = 55;
	objects = {

/* Begin PBXBuildFile section */
		2789EDD08E89FD0CD67C3DEF /* Pods_TestFlatRockTechTests.framework in Frameworks */ = {isa = PBXBuildFile; fileRef = 6F3B0180D0D6C140D865B404 /* Pods_TestFlatRockTechTests.framework */; };
		677C451428379AA80019AFE2 /* IdentifiableObject.swift in Sources */ = {isa = PBXBuildFile; fileRef = 677C451328379AA80019AFE2 /* IdentifiableObject.swift */; };
		677C451628379CE40019AFE2 /* RealmConnectable.swift in Sources */ = {isa = PBXBuildFile; fileRef = 677C451528379CE40019AFE2 /* RealmConnectable.swift */; };
		677C451828379D570019AFE2 /* RealmError.swift in Sources */ = {isa = PBXBuildFile; fileRef = 677C451728379D570019AFE2 /* RealmError.swift */; };
		677C451A28379DB00019AFE2 /* Constants.swift in Sources */ = {isa = PBXBuildFile; fileRef = 677C451928379DB00019AFE2 /* Constants.swift */; };
		67A89ED72833F52E00F65ECA /* User.swift in Sources */ = {isa = PBXBuildFile; fileRef = 67A89ED62833F52E00F65ECA /* User.swift */; };
		67A89EDA2833F84E00F65ECA /* ApiAPIClient.swift in Sources */ = {isa = PBXBuildFile; fileRef = 67A89ED92833F84E00F65ECA /* ApiAPIClient.swift */; };
		67A89EDC2833FA6A00F65ECA /* App Constants.swift in Sources */ = {isa = PBXBuildFile; fileRef = 67A89EDB2833FA6A00F65ECA /* App Constants.swift */; };
		67A89EDF283520BE00F65ECA /* UIViewController+Alert.swift in Sources */ = {isa = PBXBuildFile; fileRef = 67A89EDE283520BE00F65ECA /* UIViewController+Alert.swift */; };
		67A89EE22835242100F65ECA /* SearchList.storyboard in Resources */ = {isa = PBXBuildFile; fileRef = 67A89EE12835242100F65ECA /* SearchList.storyboard */; };
		67A89EE7283657F000F65ECA /* StoryBoard+Instantiate.swift in Sources */ = {isa = PBXBuildFile; fileRef = 67A89EE6283657F000F65ECA /* StoryBoard+Instantiate.swift */; };
		67A89EE92836582A00F65ECA /* StoryboardType.swift in Sources */ = {isa = PBXBuildFile; fileRef = 67A89EE82836582A00F65ECA /* StoryboardType.swift */; };
		67A89EEB283659D500F65ECA /* Registerable.swift in Sources */ = {isa = PBXBuildFile; fileRef = 67A89EEA283659D500F65ECA /* Registerable.swift */; };
		67A89EEE28365BA200F65ECA /* ImageLoader.swift in Sources */ = {isa = PBXBuildFile; fileRef = 67A89EED28365BA200F65ECA /* ImageLoader.swift */; };
		67A89EF028368CC000F65ECA /* RepoDetails.storyboard in Resources */ = {isa = PBXBuildFile; fileRef = 67A89EEF28368CC000F65ECA /* RepoDetails.storyboard */; };
		67A89EF22836905900F65ECA /* Repo.swift in Sources */ = {isa = PBXBuildFile; fileRef = 67A89EF12836905900F65ECA /* Repo.swift */; };
		67A89EF42836962B00F65ECA /* DateString+ToCorrectString.swift in Sources */ = {isa = PBXBuildFile; fileRef = 67A89EF32836962B00F65ECA /* DateString+ToCorrectString.swift */; };
		67A89EF62837799B00F65ECA /* StaredRepos.storyboard in Resources */ = {isa = PBXBuildFile; fileRef = 67A89EF52837799B00F65ECA /* StaredRepos.storyboard */; };
		67A89EF928377A0F00F65ECA /* RepoListTableViewCell.swift in Sources */ = {isa = PBXBuildFile; fileRef = 67A89EF728377A0F00F65ECA /* RepoListTableViewCell.swift */; };
		67A89EFA28377A0F00F65ECA /* RepoListTableViewCell.xib in Resources */ = {isa = PBXBuildFile; fileRef = 67A89EF828377A0F00F65ECA /* RepoListTableViewCell.xib */; };
		67A89F022837963F00F65ECA /* StaredReposPresenter.swift in Sources */ = {isa = PBXBuildFile; fileRef = 67A89EFC2837963F00F65ECA /* StaredReposPresenter.swift */; };
		67A89F032837963F00F65ECA /* StaredReposWorker.swift in Sources */ = {isa = PBXBuildFile; fileRef = 67A89EFD2837963F00F65ECA /* StaredReposWorker.swift */; };
		67A89F042837963F00F65ECA /* StaredReposRouter.swift in Sources */ = {isa = PBXBuildFile; fileRef = 67A89EFE2837963F00F65ECA /* StaredReposRouter.swift */; };
		67A89F052837963F00F65ECA /* StaredReposModels.swift in Sources */ = {isa = PBXBuildFile; fileRef = 67A89EFF2837963F00F65ECA /* StaredReposModels.swift */; };
		67A89F062837963F00F65ECA /* StaredReposViewController.swift in Sources */ = {isa = PBXBuildFile; fileRef = 67A89F002837963F00F65ECA /* StaredReposViewController.swift */; };
		67A89F072837963F00F65ECA /* StaredReposInteractor.swift in Sources */ = {isa = PBXBuildFile; fileRef = 67A89F012837963F00F65ECA /* StaredReposInteractor.swift */; };
		67BAEE2D2833AE1400A2CCE8 /* AppDelegate.swift in Sources */ = {isa = PBXBuildFile; fileRef = 67BAEE2C2833AE1400A2CCE8 /* AppDelegate.swift */; };
		67BAEE2F2833AE1400A2CCE8 /* SceneDelegate.swift in Sources */ = {isa = PBXBuildFile; fileRef = 67BAEE2E2833AE1400A2CCE8 /* SceneDelegate.swift */; };
		67BAEE312833AE1400A2CCE8 /* ViewController.swift in Sources */ = {isa = PBXBuildFile; fileRef = 67BAEE302833AE1400A2CCE8 /* ViewController.swift */; };
		67BAEE342833AE1400A2CCE8 /* Main.storyboard in Resources */ = {isa = PBXBuildFile; fileRef = 67BAEE322833AE1400A2CCE8 /* Main.storyboard */; };
		67BAEE362833AE1600A2CCE8 /* Assets.xcassets in Resources */ = {isa = PBXBuildFile; fileRef = 67BAEE352833AE1600A2CCE8 /* Assets.xcassets */; };
		67BAEE392833AE1600A2CCE8 /* LaunchScreen.storyboard in Resources */ = {isa = PBXBuildFile; fileRef = 67BAEE372833AE1600A2CCE8 /* LaunchScreen.storyboard */; };
		67BAEE442833AE1700A2CCE8 /* TestFlatRockTechTests.swift in Sources */ = {isa = PBXBuildFile; fileRef = 67BAEE432833AE1700A2CCE8 /* TestFlatRockTechTests.swift */; };
		67BAEE4E2833AE1700A2CCE8 /* TestFlatRockTechUITests.swift in Sources */ = {isa = PBXBuildFile; fileRef = 67BAEE4D2833AE1700A2CCE8 /* TestFlatRockTechUITests.swift */; };
		67BAEE502833AE1700A2CCE8 /* TestFlatRockTechUITestsLaunchTests.swift in Sources */ = {isa = PBXBuildFile; fileRef = 67BAEE4F2833AE1700A2CCE8 /* TestFlatRockTechUITestsLaunchTests.swift */; };
		67BAEE632833AE4000A2CCE8 /* SearchPresenter.swift in Sources */ = {isa = PBXBuildFile; fileRef = 67BAEE5D2833AE4000A2CCE8 /* SearchPresenter.swift */; };
		67BAEE642833AE4000A2CCE8 /* SearchWorker.swift in Sources */ = {isa = PBXBuildFile; fileRef = 67BAEE5E2833AE4000A2CCE8 /* SearchWorker.swift */; };
		67BAEE652833AE4000A2CCE8 /* SearchRouter.swift in Sources */ = {isa = PBXBuildFile; fileRef = 67BAEE5F2833AE4000A2CCE8 /* SearchRouter.swift */; };
		67BAEE662833AE4000A2CCE8 /* SearchModels.swift in Sources */ = {isa = PBXBuildFile; fileRef = 67BAEE602833AE4000A2CCE8 /* SearchModels.swift */; };
		67BAEE672833AE4000A2CCE8 /* SearchViewController.swift in Sources */ = {isa = PBXBuildFile; fileRef = 67BAEE612833AE4000A2CCE8 /* SearchViewController.swift */; };
		67BAEE682833AE4000A2CCE8 /* SearchInteractor.swift in Sources */ = {isa = PBXBuildFile; fileRef = 67BAEE622833AE4000A2CCE8 /* SearchInteractor.swift */; };
		67BAEE702833AE7100A2CCE8 /* RepositoryListPresenter.swift in Sources */ = {isa = PBXBuildFile; fileRef = 67BAEE6A2833AE7100A2CCE8 /* RepositoryListPresenter.swift */; };
		67BAEE712833AE7100A2CCE8 /* RepositoryListWorker.swift in Sources */ = {isa = PBXBuildFile; fileRef = 67BAEE6B2833AE7100A2CCE8 /* RepositoryListWorker.swift */; };
		67BAEE722833AE7100A2CCE8 /* RepositoryListRouter.swift in Sources */ = {isa = PBXBuildFile; fileRef = 67BAEE6C2833AE7100A2CCE8 /* RepositoryListRouter.swift */; };
		67BAEE732833AE7100A2CCE8 /* RepositoryListModels.swift in Sources */ = {isa = PBXBuildFile; fileRef = 67BAEE6D2833AE7100A2CCE8 /* RepositoryListModels.swift */; };
		67BAEE742833AE7100A2CCE8 /* RepositoryListViewController.swift in Sources */ = {isa = PBXBuildFile; fileRef = 67BAEE6E2833AE7100A2CCE8 /* RepositoryListViewController.swift */; };
		67BAEE752833AE7100A2CCE8 /* RepositoryListInteractor.swift in Sources */ = {isa = PBXBuildFile; fileRef = 67BAEE6F2833AE7100A2CCE8 /* RepositoryListInteractor.swift */; };
		67BAEE7D2833AE9100A2CCE8 /* RepositoryDetailsPresenter.swift in Sources */ = {isa = PBXBuildFile; fileRef = 67BAEE772833AE9100A2CCE8 /* RepositoryDetailsPresenter.swift */; };
		67BAEE7E2833AE9100A2CCE8 /* RepositoryDetailsWorker.swift in Sources */ = {isa = PBXBuildFile; fileRef = 67BAEE782833AE9100A2CCE8 /* RepositoryDetailsWorker.swift */; };
		67BAEE7F2833AE9100A2CCE8 /* RepositoryDetailsRouter.swift in Sources */ = {isa = PBXBuildFile; fileRef = 67BAEE792833AE9100A2CCE8 /* RepositoryDetailsRouter.swift */; };
		67BAEE802833AE9100A2CCE8 /* RepositoryDetailsModels.swift in Sources */ = {isa = PBXBuildFile; fileRef = 67BAEE7A2833AE9100A2CCE8 /* RepositoryDetailsModels.swift */; };
		67BAEE812833AE9100A2CCE8 /* RepositoryDetailsViewController.swift in Sources */ = {isa = PBXBuildFile; fileRef = 67BAEE7B2833AE9100A2CCE8 /* RepositoryDetailsViewController.swift */; };
		67BAEE822833AE9100A2CCE8 /* RepositoryDetailsInteractor.swift in Sources */ = {isa = PBXBuildFile; fileRef = 67BAEE7C2833AE9100A2CCE8 /* RepositoryDetailsInteractor.swift */; };
		792ABCB05BEA20E3C29DD018 /* Pods_TestFlatRockTech_TestFlatRockTechUITests.framework in Frameworks */ = {isa = PBXBuildFile; fileRef = FC01A175753E59B2A4ED0B2D /* Pods_TestFlatRockTech_TestFlatRockTechUITests.framework */; };
		7D3DF06FE68B92FDA7639446 /* Pods_TestFlatRockTech.framework in Frameworks */ = {isa = PBXBuildFile; fileRef = 28019800BE7FAB79925E2CAA /* Pods_TestFlatRockTech.framework */; };
/* End PBXBuildFile section */

/* Begin PBXContainerItemProxy section */
		67BAEE402833AE1700A2CCE8 /* PBXContainerItemProxy */ = {
			isa = PBXContainerItemProxy;
			containerPortal = 67BAEE212833AE1400A2CCE8 /* Project object */;
			proxyType = 1;
			remoteGlobalIDString = 67BAEE282833AE1400A2CCE8;
			remoteInfo = TestFlatRockTech;
		};
		67BAEE4A2833AE1700A2CCE8 /* PBXContainerItemProxy */ = {
			isa = PBXContainerItemProxy;
			containerPortal = 67BAEE212833AE1400A2CCE8 /* Project object */;
			proxyType = 1;
			remoteGlobalIDString = 67BAEE282833AE1400A2CCE8;
			remoteInfo = TestFlatRockTech;
		};
/* End PBXContainerItemProxy section */

/* Begin PBXFileReference section */
		056937E8D208F9BCDDE2E1A2 /* Pods-TestFlatRockTech.release.xcconfig */ = {isa = PBXFileReference; includeInIndex = 1; lastKnownFileType = text.xcconfig; name = "Pods-TestFlatRockTech.release.xcconfig"; path = "Target Support Files/Pods-TestFlatRockTech/Pods-TestFlatRockTech.release.xcconfig"; sourceTree = "<group>"; };
		28019800BE7FAB79925E2CAA /* Pods_TestFlatRockTech.framework */ = {isa = PBXFileReference; explicitFileType = wrapper.framework; includeInIndex = 0; path = Pods_TestFlatRockTech.framework; sourceTree = BUILT_PRODUCTS_DIR; };
		30B84535CCA3D3C982756F55 /* Pods-TestFlatRockTech-TestFlatRockTechUITests.release.xcconfig */ = {isa = PBXFileReference; includeInIndex = 1; lastKnownFileType = text.xcconfig; name = "Pods-TestFlatRockTech-TestFlatRockTechUITests.release.xcconfig"; path = "Target Support Files/Pods-TestFlatRockTech-TestFlatRockTechUITests/Pods-TestFlatRockTech-TestFlatRockTechUITests.release.xcconfig"; sourceTree = "<group>"; };
		677C451328379AA80019AFE2 /* IdentifiableObject.swift */ = {isa = PBXFileReference; lastKnownFileType = sourcecode.swift; path = IdentifiableObject.swift; sourceTree = "<group>"; };
		677C451528379CE40019AFE2 /* RealmConnectable.swift */ = {isa = PBXFileReference; lastKnownFileType = sourcecode.swift; path = RealmConnectable.swift; sourceTree = "<group>"; };
		677C451728379D570019AFE2 /* RealmError.swift */ = {isa = PBXFileReference; lastKnownFileType = sourcecode.swift; path = RealmError.swift; sourceTree = "<group>"; };
		677C451928379DB00019AFE2 /* Constants.swift */ = {isa = PBXFileReference; lastKnownFileType = sourcecode.swift; path = Constants.swift; sourceTree = "<group>"; };
		67A89ED62833F52E00F65ECA /* User.swift */ = {isa = PBXFileReference; lastKnownFileType = sourcecode.swift; path = User.swift; sourceTree = "<group>"; };
		67A89ED92833F84E00F65ECA /* ApiAPIClient.swift */ = {isa = PBXFileReference; lastKnownFileType = sourcecode.swift; path = ApiAPIClient.swift; sourceTree = "<group>"; };
		67A89EDB2833FA6A00F65ECA /* App Constants.swift */ = {isa = PBXFileReference; lastKnownFileType = sourcecode.swift; path = "App Constants.swift"; sourceTree = "<group>"; };
		67A89EDE283520BE00F65ECA /* UIViewController+Alert.swift */ = {isa = PBXFileReference; lastKnownFileType = sourcecode.swift; path = "UIViewController+Alert.swift"; sourceTree = "<group>"; };
		67A89EE12835242100F65ECA /* SearchList.storyboard */ = {isa = PBXFileReference; lastKnownFileType = file.storyboard; path = SearchList.storyboard; sourceTree = "<group>"; };
		67A89EE6283657F000F65ECA /* StoryBoard+Instantiate.swift */ = {isa = PBXFileReference; lastKnownFileType = sourcecode.swift; path = "StoryBoard+Instantiate.swift"; sourceTree = "<group>"; };
		67A89EE82836582A00F65ECA /* StoryboardType.swift */ = {isa = PBXFileReference; lastKnownFileType = sourcecode.swift; path = StoryboardType.swift; sourceTree = "<group>"; };
		67A89EEA283659D500F65ECA /* Registerable.swift */ = {isa = PBXFileReference; lastKnownFileType = sourcecode.swift; path = Registerable.swift; sourceTree = "<group>"; };
		67A89EED28365BA200F65ECA /* ImageLoader.swift */ = {isa = PBXFileReference; lastKnownFileType = sourcecode.swift; path = ImageLoader.swift; sourceTree = "<group>"; };
		67A89EEF28368CC000F65ECA /* RepoDetails.storyboard */ = {isa = PBXFileReference; lastKnownFileType = file.storyboard; path = RepoDetails.storyboard; sourceTree = "<group>"; };
		67A89EF12836905900F65ECA /* Repo.swift */ = {isa = PBXFileReference; lastKnownFileType = sourcecode.swift; path = Repo.swift; sourceTree = "<group>"; };
		67A89EF32836962B00F65ECA /* DateString+ToCorrectString.swift */ = {isa = PBXFileReference; lastKnownFileType = sourcecode.swift; path = "DateString+ToCorrectString.swift"; sourceTree = "<group>"; };
		67A89EF52837799B00F65ECA /* StaredRepos.storyboard */ = {isa = PBXFileReference; lastKnownFileType = file.storyboard; path = StaredRepos.storyboard; sourceTree = "<group>"; };
		67A89EF728377A0F00F65ECA /* RepoListTableViewCell.swift */ = {isa = PBXFileReference; lastKnownFileType = sourcecode.swift; path = RepoListTableViewCell.swift; sourceTree = "<group>"; };
		67A89EF828377A0F00F65ECA /* RepoListTableViewCell.xib */ = {isa = PBXFileReference; lastKnownFileType = file.xib; path = RepoListTableViewCell.xib; sourceTree = "<group>"; };
		67A89EFC2837963F00F65ECA /* StaredReposPresenter.swift */ = {isa = PBXFileReference; lastKnownFileType = sourcecode.swift; path = StaredReposPresenter.swift; sourceTree = "<group>"; };
		67A89EFD2837963F00F65ECA /* StaredReposWorker.swift */ = {isa = PBXFileReference; lastKnownFileType = sourcecode.swift; path = StaredReposWorker.swift; sourceTree = "<group>"; };
		67A89EFE2837963F00F65ECA /* StaredReposRouter.swift */ = {isa = PBXFileReference; lastKnownFileType = sourcecode.swift; path = StaredReposRouter.swift; sourceTree = "<group>"; };
		67A89EFF2837963F00F65ECA /* StaredReposModels.swift */ = {isa = PBXFileReference; lastKnownFileType = sourcecode.swift; path = StaredReposModels.swift; sourceTree = "<group>"; };
		67A89F002837963F00F65ECA /* StaredReposViewController.swift */ = {isa = PBXFileReference; lastKnownFileType = sourcecode.swift; path = StaredReposViewController.swift; sourceTree = "<group>"; };
		67A89F012837963F00F65ECA /* StaredReposInteractor.swift */ = {isa = PBXFileReference; lastKnownFileType = sourcecode.swift; path = StaredReposInteractor.swift; sourceTree = "<group>"; };
		67BAEE292833AE1400A2CCE8 /* TestFlatRockTech.app */ = {isa = PBXFileReference; explicitFileType = wrapper.application; includeInIndex = 0; path = TestFlatRockTech.app; sourceTree = BUILT_PRODUCTS_DIR; };
		67BAEE2C2833AE1400A2CCE8 /* AppDelegate.swift */ = {isa = PBXFileReference; lastKnownFileType = sourcecode.swift; path = AppDelegate.swift; sourceTree = "<group>"; };
		67BAEE2E2833AE1400A2CCE8 /* SceneDelegate.swift */ = {isa = PBXFileReference; lastKnownFileType = sourcecode.swift; path = SceneDelegate.swift; sourceTree = "<group>"; };
		67BAEE302833AE1400A2CCE8 /* ViewController.swift */ = {isa = PBXFileReference; lastKnownFileType = sourcecode.swift; path = ViewController.swift; sourceTree = "<group>"; };
		67BAEE332833AE1400A2CCE8 /* Base */ = {isa = PBXFileReference; lastKnownFileType = file.storyboard; name = Base; path = Base.lproj/Main.storyboard; sourceTree = "<group>"; };
		67BAEE352833AE1600A2CCE8 /* Assets.xcassets */ = {isa = PBXFileReference; lastKnownFileType = folder.assetcatalog; path = Assets.xcassets; sourceTree = "<group>"; };
		67BAEE382833AE1600A2CCE8 /* Base */ = {isa = PBXFileReference; lastKnownFileType = file.storyboard; name = Base; path = Base.lproj/LaunchScreen.storyboard; sourceTree = "<group>"; };
		67BAEE3A2833AE1600A2CCE8 /* Info.plist */ = {isa = PBXFileReference; lastKnownFileType = text.plist.xml; path = Info.plist; sourceTree = "<group>"; };
		67BAEE3F2833AE1700A2CCE8 /* TestFlatRockTechTests.xctest */ = {isa = PBXFileReference; explicitFileType = wrapper.cfbundle; includeInIndex = 0; path = TestFlatRockTechTests.xctest; sourceTree = BUILT_PRODUCTS_DIR; };
		67BAEE432833AE1700A2CCE8 /* TestFlatRockTechTests.swift */ = {isa = PBXFileReference; lastKnownFileType = sourcecode.swift; path = TestFlatRockTechTests.swift; sourceTree = "<group>"; };
		67BAEE492833AE1700A2CCE8 /* TestFlatRockTechUITests.xctest */ = {isa = PBXFileReference; explicitFileType = wrapper.cfbundle; includeInIndex = 0; path = TestFlatRockTechUITests.xctest; sourceTree = BUILT_PRODUCTS_DIR; };
		67BAEE4D2833AE1700A2CCE8 /* TestFlatRockTechUITests.swift */ = {isa = PBXFileReference; lastKnownFileType = sourcecode.swift; path = TestFlatRockTechUITests.swift; sourceTree = "<group>"; };
		67BAEE4F2833AE1700A2CCE8 /* TestFlatRockTechUITestsLaunchTests.swift */ = {isa = PBXFileReference; lastKnownFileType = sourcecode.swift; path = TestFlatRockTechUITestsLaunchTests.swift; sourceTree = "<group>"; };
		67BAEE5D2833AE4000A2CCE8 /* SearchPresenter.swift */ = {isa = PBXFileReference; lastKnownFileType = sourcecode.swift; path = SearchPresenter.swift; sourceTree = "<group>"; };
		67BAEE5E2833AE4000A2CCE8 /* SearchWorker.swift */ = {isa = PBXFileReference; lastKnownFileType = sourcecode.swift; path = SearchWorker.swift; sourceTree = "<group>"; };
		67BAEE5F2833AE4000A2CCE8 /* SearchRouter.swift */ = {isa = PBXFileReference; lastKnownFileType = sourcecode.swift; path = SearchRouter.swift; sourceTree = "<group>"; };
		67BAEE602833AE4000A2CCE8 /* SearchModels.swift */ = {isa = PBXFileReference; lastKnownFileType = sourcecode.swift; path = SearchModels.swift; sourceTree = "<group>"; };
		67BAEE612833AE4000A2CCE8 /* SearchViewController.swift */ = {isa = PBXFileReference; lastKnownFileType = sourcecode.swift; path = SearchViewController.swift; sourceTree = "<group>"; };
		67BAEE622833AE4000A2CCE8 /* SearchInteractor.swift */ = {isa = PBXFileReference; lastKnownFileType = sourcecode.swift; path = SearchInteractor.swift; sourceTree = "<group>"; };
		67BAEE6A2833AE7100A2CCE8 /* RepositoryListPresenter.swift */ = {isa = PBXFileReference; lastKnownFileType = sourcecode.swift; path = RepositoryListPresenter.swift; sourceTree = "<group>"; };
		67BAEE6B2833AE7100A2CCE8 /* RepositoryListWorker.swift */ = {isa = PBXFileReference; lastKnownFileType = sourcecode.swift; path = RepositoryListWorker.swift; sourceTree = "<group>"; };
		67BAEE6C2833AE7100A2CCE8 /* RepositoryListRouter.swift */ = {isa = PBXFileReference; lastKnownFileType = sourcecode.swift; path = RepositoryListRouter.swift; sourceTree = "<group>"; };
		67BAEE6D2833AE7100A2CCE8 /* RepositoryListModels.swift */ = {isa = PBXFileReference; lastKnownFileType = sourcecode.swift; path = RepositoryListModels.swift; sourceTree = "<group>"; };
		67BAEE6E2833AE7100A2CCE8 /* RepositoryListViewController.swift */ = {isa = PBXFileReference; lastKnownFileType = sourcecode.swift; path = RepositoryListViewController.swift; sourceTree = "<group>"; };
		67BAEE6F2833AE7100A2CCE8 /* RepositoryListInteractor.swift */ = {isa = PBXFileReference; lastKnownFileType = sourcecode.swift; path = RepositoryListInteractor.swift; sourceTree = "<group>"; };
		67BAEE772833AE9100A2CCE8 /* RepositoryDetailsPresenter.swift */ = {isa = PBXFileReference; lastKnownFileType = sourcecode.swift; path = RepositoryDetailsPresenter.swift; sourceTree = "<group>"; };
		67BAEE782833AE9100A2CCE8 /* RepositoryDetailsWorker.swift */ = {isa = PBXFileReference; lastKnownFileType = sourcecode.swift; path = RepositoryDetailsWorker.swift; sourceTree = "<group>"; };
		67BAEE792833AE9100A2CCE8 /* RepositoryDetailsRouter.swift */ = {isa = PBXFileReference; lastKnownFileType = sourcecode.swift; path = RepositoryDetailsRouter.swift; sourceTree = "<group>"; };
		67BAEE7A2833AE9100A2CCE8 /* RepositoryDetailsModels.swift */ = {isa = PBXFileReference; lastKnownFileType = sourcecode.swift; path = RepositoryDetailsModels.swift; sourceTree = "<group>"; };
		67BAEE7B2833AE9100A2CCE8 /* RepositoryDetailsViewController.swift */ = {isa = PBXFileReference; lastKnownFileType = sourcecode.swift; path = RepositoryDetailsViewController.swift; sourceTree = "<group>"; };
		67BAEE7C2833AE9100A2CCE8 /* RepositoryDetailsInteractor.swift */ = {isa = PBXFileReference; lastKnownFileType = sourcecode.swift; path = RepositoryDetailsInteractor.swift; sourceTree = "<group>"; };
		6F3B0180D0D6C140D865B404 /* Pods_TestFlatRockTechTests.framework */ = {isa = PBXFileReference; explicitFileType = wrapper.framework; includeInIndex = 0; path = Pods_TestFlatRockTechTests.framework; sourceTree = BUILT_PRODUCTS_DIR; };
		878380D2846EFDC39E63BD4D /* Pods-TestFlatRockTechTests.release.xcconfig */ = {isa = PBXFileReference; includeInIndex = 1; lastKnownFileType = text.xcconfig; name = "Pods-TestFlatRockTechTests.release.xcconfig"; path = "Target Support Files/Pods-TestFlatRockTechTests/Pods-TestFlatRockTechTests.release.xcconfig"; sourceTree = "<group>"; };
		9D5AD9C8D4D2A43EFE00DC61 /* Pods-TestFlatRockTech.debug.xcconfig */ = {isa = PBXFileReference; includeInIndex = 1; lastKnownFileType = text.xcconfig; name = "Pods-TestFlatRockTech.debug.xcconfig"; path = "Target Support Files/Pods-TestFlatRockTech/Pods-TestFlatRockTech.debug.xcconfig"; sourceTree = "<group>"; };
		F9E3E835276AF851E77A9615 /* Pods-TestFlatRockTech-TestFlatRockTechUITests.debug.xcconfig */ = {isa = PBXFileReference; includeInIndex = 1; lastKnownFileType = text.xcconfig; name = "Pods-TestFlatRockTech-TestFlatRockTechUITests.debug.xcconfig"; path = "Target Support Files/Pods-TestFlatRockTech-TestFlatRockTechUITests/Pods-TestFlatRockTech-TestFlatRockTechUITests.debug.xcconfig"; sourceTree = "<group>"; };
		FC01A175753E59B2A4ED0B2D /* Pods_TestFlatRockTech_TestFlatRockTechUITests.framework */ = {isa = PBXFileReference; explicitFileType = wrapper.framework; includeInIndex = 0; path = Pods_TestFlatRockTech_TestFlatRockTechUITests.framework; sourceTree = BUILT_PRODUCTS_DIR; };
		FF3A4D12950687EA151DC4C7 /* Pods-TestFlatRockTechTests.debug.xcconfig */ = {isa = PBXFileReference; includeInIndex = 1; lastKnownFileType = text.xcconfig; name = "Pods-TestFlatRockTechTests.debug.xcconfig"; path = "Target Support Files/Pods-TestFlatRockTechTests/Pods-TestFlatRockTechTests.debug.xcconfig"; sourceTree = "<group>"; };
/* End PBXFileReference section */

/* Begin PBXFrameworksBuildPhase section */
		67BAEE262833AE1400A2CCE8 /* Frameworks */ = {
			isa = PBXFrameworksBuildPhase;
			buildActionMask = 2147483647;
			files = (
				7D3DF06FE68B92FDA7639446 /* Pods_TestFlatRockTech.framework in Frameworks */,
			);
			runOnlyForDeploymentPostprocessing = 0;
		};
		67BAEE3C2833AE1700A2CCE8 /* Frameworks */ = {
			isa = PBXFrameworksBuildPhase;
			buildActionMask = 2147483647;
			files = (
				2789EDD08E89FD0CD67C3DEF /* Pods_TestFlatRockTechTests.framework in Frameworks */,
			);
			runOnlyForDeploymentPostprocessing = 0;
		};
		67BAEE462833AE1700A2CCE8 /* Frameworks */ = {
			isa = PBXFrameworksBuildPhase;
			buildActionMask = 2147483647;
			files = (
				792ABCB05BEA20E3C29DD018 /* Pods_TestFlatRockTech_TestFlatRockTechUITests.framework in Frameworks */,
			);
			runOnlyForDeploymentPostprocessing = 0;
		};
/* End PBXFrameworksBuildPhase section */

/* Begin PBXGroup section */
		67A89ED42833F51300F65ECA /* Screens */ = {
			isa = PBXGroup;
			children = (
				67A89EFB2837962600F65ECA /* Stared Repos */,
				67BAEE762833AE7800A2CCE8 /* Details */,
				67BAEE692833AE4B00A2CCE8 /* Search Results Screen */,
				67BAEE5C2833AE2100A2CCE8 /* SearchScreen */,
			);
			path = Screens;
			sourceTree = "<group>";
		};
		67A89ED52833F51E00F65ECA /* Models */ = {
			isa = PBXGroup;
			children = (
				67A89ED62833F52E00F65ECA /* User.swift */,
				67A89EF12836905900F65ECA /* Repo.swift */,
			);
			path = Models;
			sourceTree = "<group>";
		};
		67A89ED82833F83900F65ECA /* Additions */ = {
			isa = PBXGroup;
			children = (
				67A89F082837965000F65ECA /* Database Worker */,
				67A89EEC28365B9500F65ECA /* ImageLoader */,
				67A89ED92833F84E00F65ECA /* ApiAPIClient.swift */,
				67A89EDB2833FA6A00F65ECA /* App Constants.swift */,
				677C451328379AA80019AFE2 /* IdentifiableObject.swift */,
				677C451928379DB00019AFE2 /* Constants.swift */,
			);
			path = Additions;
			sourceTree = "<group>";
		};
		67A89EDD283520AB00F65ECA /* Extensions */ = {
			isa = PBXGroup;
			children = (
				67A89EDE283520BE00F65ECA /* UIViewController+Alert.swift */,
				67A89EE6283657F000F65ECA /* StoryBoard+Instantiate.swift */,
				67A89EEA283659D500F65ECA /* Registerable.swift */,
				67A89EF32836962B00F65ECA /* DateString+ToCorrectString.swift */,
			);
			path = Extensions;
			sourceTree = "<group>";
		};
		67A89EE02835240200F65ECA /* Story Boards */ = {
			isa = PBXGroup;
			children = (
				67BAEE322833AE1400A2CCE8 /* Main.storyboard */,
				67A89EE12835242100F65ECA /* SearchList.storyboard */,
				67A89EE82836582A00F65ECA /* StoryboardType.swift */,
				67A89EEF28368CC000F65ECA /* RepoDetails.storyboard */,
				67A89EF52837799B00F65ECA /* StaredRepos.storyboard */,
			);
			path = "Story Boards";
			sourceTree = "<group>";
		};
		67A89EE3283654A300F65ECA /* Cells */ = {
			isa = PBXGroup;
			children = (
				67A89EF728377A0F00F65ECA /* RepoListTableViewCell.swift */,
				67A89EF828377A0F00F65ECA /* RepoListTableViewCell.xib */,
			);
			path = Cells;
			sourceTree = "<group>";
		};
		67A89EEC28365B9500F65ECA /* ImageLoader */ = {
			isa = PBXGroup;
			children = (
				67A89EED28365BA200F65ECA /* ImageLoader.swift */,
			);
			path = ImageLoader;
			sourceTree = "<group>";
		};
		67A89EFB2837962600F65ECA /* Stared Repos */ = {
			isa = PBXGroup;
			children = (
				67A89EFC2837963F00F65ECA /* StaredReposPresenter.swift */,
				67A89EFD2837963F00F65ECA /* StaredReposWorker.swift */,
				67A89EFE2837963F00F65ECA /* StaredReposRouter.swift */,
				67A89EFF2837963F00F65ECA /* StaredReposModels.swift */,
				67A89F002837963F00F65ECA /* StaredReposViewController.swift */,
				67A89F012837963F00F65ECA /* StaredReposInteractor.swift */,
			);
			path = "Stared Repos";
			sourceTree = "<group>";
		};
		67A89F082837965000F65ECA /* Database Worker */ = {
			isa = PBXGroup;
			children = (
				677C451528379CE40019AFE2 /* RealmConnectable.swift */,
				677C451728379D570019AFE2 /* RealmError.swift */,
			);
			path = "Database Worker";
			sourceTree = "<group>";
		};
		67BAEE202833AE1400A2CCE8 = {
			isa = PBXGroup;
			children = (
				67BAEE2B2833AE1400A2CCE8 /* TestFlatRockTech */,
				67BAEE422833AE1700A2CCE8 /* TestFlatRockTechTests */,
				67BAEE4C2833AE1700A2CCE8 /* TestFlatRockTechUITests */,
				67BAEE2A2833AE1400A2CCE8 /* Products */,
				C97004AD6967D6B08956A0B7 /* Pods */,
				6971EB7468580A8EB3334621 /* Frameworks */,
			);
			sourceTree = "<group>";
		};
		67BAEE2A2833AE1400A2CCE8 /* Products */ = {
			isa = PBXGroup;
			children = (
				67BAEE292833AE1400A2CCE8 /* TestFlatRockTech.app */,
				67BAEE3F2833AE1700A2CCE8 /* TestFlatRockTechTests.xctest */,
				67BAEE492833AE1700A2CCE8 /* TestFlatRockTechUITests.xctest */,
			);
			name = Products;
			sourceTree = "<group>";
		};
		67BAEE2B2833AE1400A2CCE8 /* TestFlatRockTech */ = {
			isa = PBXGroup;
			children = (
				67A89EE02835240200F65ECA /* Story Boards */,
				67A89EDD283520AB00F65ECA /* Extensions */,
				67A89ED82833F83900F65ECA /* Additions */,
				67A89ED52833F51E00F65ECA /* Models */,
				67A89ED42833F51300F65ECA /* Screens */,
				67BAEE2C2833AE1400A2CCE8 /* AppDelegate.swift */,
				67BAEE2E2833AE1400A2CCE8 /* SceneDelegate.swift */,
				67BAEE302833AE1400A2CCE8 /* ViewController.swift */,
				67BAEE352833AE1600A2CCE8 /* Assets.xcassets */,
				67BAEE372833AE1600A2CCE8 /* LaunchScreen.storyboard */,
				67BAEE3A2833AE1600A2CCE8 /* Info.plist */,
			);
			path = TestFlatRockTech;
			sourceTree = "<group>";
		};
		67BAEE422833AE1700A2CCE8 /* TestFlatRockTechTests */ = {
			isa = PBXGroup;
			children = (
				67BAEE432833AE1700A2CCE8 /* TestFlatRockTechTests.swift */,
			);
			path = TestFlatRockTechTests;
			sourceTree = "<group>";
		};
		67BAEE4C2833AE1700A2CCE8 /* TestFlatRockTechUITests */ = {
			isa = PBXGroup;
			children = (
				67BAEE4D2833AE1700A2CCE8 /* TestFlatRockTechUITests.swift */,
				67BAEE4F2833AE1700A2CCE8 /* TestFlatRockTechUITestsLaunchTests.swift */,
			);
			path = TestFlatRockTechUITests;
			sourceTree = "<group>";
		};
		67BAEE5C2833AE2100A2CCE8 /* SearchScreen */ = {
			isa = PBXGroup;
			children = (
				67BAEE5D2833AE4000A2CCE8 /* SearchPresenter.swift */,
				67BAEE5E2833AE4000A2CCE8 /* SearchWorker.swift */,
				67BAEE5F2833AE4000A2CCE8 /* SearchRouter.swift */,
				67BAEE602833AE4000A2CCE8 /* SearchModels.swift */,
				67BAEE612833AE4000A2CCE8 /* SearchViewController.swift */,
				67BAEE622833AE4000A2CCE8 /* SearchInteractor.swift */,
			);
			path = SearchScreen;
			sourceTree = "<group>";
		};
		67BAEE692833AE4B00A2CCE8 /* Search Results Screen */ = {
			isa = PBXGroup;
			children = (
				67A89EE3283654A300F65ECA /* Cells */,
				67BAEE6A2833AE7100A2CCE8 /* RepositoryListPresenter.swift */,
				67BAEE6B2833AE7100A2CCE8 /* RepositoryListWorker.swift */,
				67BAEE6C2833AE7100A2CCE8 /* RepositoryListRouter.swift */,
				67BAEE6D2833AE7100A2CCE8 /* RepositoryListModels.swift */,
				67BAEE6E2833AE7100A2CCE8 /* RepositoryListViewController.swift */,
				67BAEE6F2833AE7100A2CCE8 /* RepositoryListInteractor.swift */,
			);
			path = "Search Results Screen";
			sourceTree = "<group>";
		};
		67BAEE762833AE7800A2CCE8 /* Details */ = {
			isa = PBXGroup;
			children = (
				67BAEE772833AE9100A2CCE8 /* RepositoryDetailsPresenter.swift */,
				67BAEE782833AE9100A2CCE8 /* RepositoryDetailsWorker.swift */,
				67BAEE792833AE9100A2CCE8 /* RepositoryDetailsRouter.swift */,
				67BAEE7A2833AE9100A2CCE8 /* RepositoryDetailsModels.swift */,
				67BAEE7B2833AE9100A2CCE8 /* RepositoryDetailsViewController.swift */,
				67BAEE7C2833AE9100A2CCE8 /* RepositoryDetailsInteractor.swift */,
			);
			path = Details;
			sourceTree = "<group>";
		};
		6971EB7468580A8EB3334621 /* Frameworks */ = {
			isa = PBXGroup;
			children = (
				28019800BE7FAB79925E2CAA /* Pods_TestFlatRockTech.framework */,
				FC01A175753E59B2A4ED0B2D /* Pods_TestFlatRockTech_TestFlatRockTechUITests.framework */,
				6F3B0180D0D6C140D865B404 /* Pods_TestFlatRockTechTests.framework */,
			);
			name = Frameworks;
			sourceTree = "<group>";
		};
		C97004AD6967D6B08956A0B7 /* Pods */ = {
			isa = PBXGroup;
			children = (
				9D5AD9C8D4D2A43EFE00DC61 /* Pods-TestFlatRockTech.debug.xcconfig */,
				056937E8D208F9BCDDE2E1A2 /* Pods-TestFlatRockTech.release.xcconfig */,
				F9E3E835276AF851E77A9615 /* Pods-TestFlatRockTech-TestFlatRockTechUITests.debug.xcconfig */,
				30B84535CCA3D3C982756F55 /* Pods-TestFlatRockTech-TestFlatRockTechUITests.release.xcconfig */,
				FF3A4D12950687EA151DC4C7 /* Pods-TestFlatRockTechTests.debug.xcconfig */,
				878380D2846EFDC39E63BD4D /* Pods-TestFlatRockTechTests.release.xcconfig */,
			);
			path = Pods;
			sourceTree = "<group>";
		};
/* End PBXGroup section */

/* Begin PBXNativeTarget section */
		67BAEE282833AE1400A2CCE8 /* TestFlatRockTech */ = {
			isa = PBXNativeTarget;
			buildConfigurationList = 67BAEE532833AE1700A2CCE8 /* Build configuration list for PBXNativeTarget "TestFlatRockTech" */;
			buildPhases = (
				C9EE57F9B670590B1CB182EB /* [CP] Check Pods Manifest.lock */,
				67BAEE252833AE1400A2CCE8 /* Sources */,
				67BAEE262833AE1400A2CCE8 /* Frameworks */,
				67BAEE272833AE1400A2CCE8 /* Resources */,
				FFC664E3E70C77F8B3E87F65 /* [CP] Embed Pods Frameworks */,
			);
			buildRules = (
			);
			dependencies = (
			);
			name = TestFlatRockTech;
			productName = TestFlatRockTech;
			productReference = 67BAEE292833AE1400A2CCE8 /* TestFlatRockTech.app */;
			productType = "com.apple.product-type.application";
		};
		67BAEE3E2833AE1700A2CCE8 /* TestFlatRockTechTests */ = {
			isa = PBXNativeTarget;
			buildConfigurationList = 67BAEE562833AE1700A2CCE8 /* Build configuration list for PBXNativeTarget "TestFlatRockTechTests" */;
			buildPhases = (
				724EE3B6D34F2FED3803C873 /* [CP] Check Pods Manifest.lock */,
				67BAEE3B2833AE1700A2CCE8 /* Sources */,
				67BAEE3C2833AE1700A2CCE8 /* Frameworks */,
				67BAEE3D2833AE1700A2CCE8 /* Resources */,
			);
			buildRules = (
			);
			dependencies = (
				67BAEE412833AE1700A2CCE8 /* PBXTargetDependency */,
			);
			name = TestFlatRockTechTests;
			productName = TestFlatRockTechTests;
			productReference = 67BAEE3F2833AE1700A2CCE8 /* TestFlatRockTechTests.xctest */;
			productType = "com.apple.product-type.bundle.unit-test";
		};
		67BAEE482833AE1700A2CCE8 /* TestFlatRockTechUITests */ = {
			isa = PBXNativeTarget;
			buildConfigurationList = 67BAEE592833AE1700A2CCE8 /* Build configuration list for PBXNativeTarget "TestFlatRockTechUITests" */;
			buildPhases = (
				53050953A39984C3487CCCD2 /* [CP] Check Pods Manifest.lock */,
				67BAEE452833AE1700A2CCE8 /* Sources */,
				67BAEE462833AE1700A2CCE8 /* Frameworks */,
				67BAEE472833AE1700A2CCE8 /* Resources */,
				CF6CF5C7A048F60F55E30FC3 /* [CP] Embed Pods Frameworks */,
			);
			buildRules = (
			);
			dependencies = (
				67BAEE4B2833AE1700A2CCE8 /* PBXTargetDependency */,
			);
			name = TestFlatRockTechUITests;
			productName = TestFlatRockTechUITests;
			productReference = 67BAEE492833AE1700A2CCE8 /* TestFlatRockTechUITests.xctest */;
			productType = "com.apple.product-type.bundle.ui-testing";
		};
/* End PBXNativeTarget section */

/* Begin PBXProject section */
		67BAEE212833AE1400A2CCE8 /* Project object */ = {
			isa = PBXProject;
			attributes = {
				BuildIndependentTargetsInParallel = 1;
				LastSwiftUpdateCheck = 1330;
				LastUpgradeCheck = 1330;
				TargetAttributes = {
					67BAEE282833AE1400A2CCE8 = {
						CreatedOnToolsVersion = 13.3.1;
					};
					67BAEE3E2833AE1700A2CCE8 = {
						CreatedOnToolsVersion = 13.3.1;
						TestTargetID = 67BAEE282833AE1400A2CCE8;
					};
					67BAEE482833AE1700A2CCE8 = {
						CreatedOnToolsVersion = 13.3.1;
						TestTargetID = 67BAEE282833AE1400A2CCE8;
					};
				};
			};
			buildConfigurationList = 67BAEE242833AE1400A2CCE8 /* Build configuration list for PBXProject "TestFlatRockTech" */;
			compatibilityVersion = "Xcode 13.0";
			developmentRegion = en;
			hasScannedForEncodings = 0;
			knownRegions = (
				en,
				Base,
			);
			mainGroup = 67BAEE202833AE1400A2CCE8;
			productRefGroup = 67BAEE2A2833AE1400A2CCE8 /* Products */;
			projectDirPath = "";
			projectRoot = "";
			targets = (
				67BAEE282833AE1400A2CCE8 /* TestFlatRockTech */,
				67BAEE3E2833AE1700A2CCE8 /* TestFlatRockTechTests */,
				67BAEE482833AE1700A2CCE8 /* TestFlatRockTechUITests */,
			);
		};
/* End PBXProject section */

/* Begin PBXResourcesBuildPhase section */
		67BAEE272833AE1400A2CCE8 /* Resources */ = {
			isa = PBXResourcesBuildPhase;
			buildActionMask = 2147483647;
			files = (
				67BAEE392833AE1600A2CCE8 /* LaunchScreen.storyboard in Resources */,
				67A89EF028368CC000F65ECA /* RepoDetails.storyboard in Resources */,
				67BAEE362833AE1600A2CCE8 /* Assets.xcassets in Resources */,
				67A89EFA28377A0F00F65ECA /* RepoListTableViewCell.xib in Resources */,
				67A89EE22835242100F65ECA /* SearchList.storyboard in Resources */,
				67BAEE342833AE1400A2CCE8 /* Main.storyboard in Resources */,
				67A89EF62837799B00F65ECA /* StaredRepos.storyboard in Resources */,
			);
			runOnlyForDeploymentPostprocessing = 0;
		};
		67BAEE3D2833AE1700A2CCE8 /* Resources */ = {
			isa = PBXResourcesBuildPhase;
			buildActionMask = 2147483647;
			files = (
			);
			runOnlyForDeploymentPostprocessing = 0;
		};
		67BAEE472833AE1700A2CCE8 /* Resources */ = {
			isa = PBXResourcesBuildPhase;
			buildActionMask = 2147483647;
			files = (
			);
			runOnlyForDeploymentPostprocessing = 0;
		};
/* End PBXResourcesBuildPhase section */

/* Begin PBXShellScriptBuildPhase section */
		53050953A39984C3487CCCD2 /* [CP] Check Pods Manifest.lock */ = {
			isa = PBXShellScriptBuildPhase;
			buildActionMask = 2147483647;
			files = (
			);
			inputFileListPaths = (
			);
			inputPaths = (
				"${PODS_PODFILE_DIR_PATH}/Podfile.lock",
				"${PODS_ROOT}/Manifest.lock",
			);
			name = "[CP] Check Pods Manifest.lock";
			outputFileListPaths = (
			);
			outputPaths = (
				"$(DERIVED_FILE_DIR)/Pods-TestFlatRockTech-TestFlatRockTechUITests-checkManifestLockResult.txt",
			);
			runOnlyForDeploymentPostprocessing = 0;
			shellPath = /bin/sh;
			shellScript = "diff \"${PODS_PODFILE_DIR_PATH}/Podfile.lock\" \"${PODS_ROOT}/Manifest.lock\" > /dev/null\nif [ $? != 0 ] ; then\n    # print error to STDERR\n    echo \"error: The sandbox is not in sync with the Podfile.lock. Run 'pod install' or update your CocoaPods installation.\" >&2\n    exit 1\nfi\n# This output is used by Xcode 'outputs' to avoid re-running this script phase.\necho \"SUCCESS\" > \"${SCRIPT_OUTPUT_FILE_0}\"\n";
			showEnvVarsInLog = 0;
		};
		724EE3B6D34F2FED3803C873 /* [CP] Check Pods Manifest.lock */ = {
			isa = PBXShellScriptBuildPhase;
			buildActionMask = 2147483647;
			files = (
			);
			inputFileListPaths = (
			);
			inputPaths = (
				"${PODS_PODFILE_DIR_PATH}/Podfile.lock",
				"${PODS_ROOT}/Manifest.lock",
			);
			name = "[CP] Check Pods Manifest.lock";
			outputFileListPaths = (
			);
			outputPaths = (
				"$(DERIVED_FILE_DIR)/Pods-TestFlatRockTechTests-checkManifestLockResult.txt",
			);
			runOnlyForDeploymentPostprocessing = 0;
			shellPath = /bin/sh;
			shellScript = "diff \"${PODS_PODFILE_DIR_PATH}/Podfile.lock\" \"${PODS_ROOT}/Manifest.lock\" > /dev/null\nif [ $? != 0 ] ; then\n    # print error to STDERR\n    echo \"error: The sandbox is not in sync with the Podfile.lock. Run 'pod install' or update your CocoaPods installation.\" >&2\n    exit 1\nfi\n# This output is used by Xcode 'outputs' to avoid re-running this script phase.\necho \"SUCCESS\" > \"${SCRIPT_OUTPUT_FILE_0}\"\n";
			showEnvVarsInLog = 0;
		};
		C9EE57F9B670590B1CB182EB /* [CP] Check Pods Manifest.lock */ = {
			isa = PBXShellScriptBuildPhase;
			buildActionMask = 2147483647;
			files = (
			);
			inputFileListPaths = (
			);
			inputPaths = (
				"${PODS_PODFILE_DIR_PATH}/Podfile.lock",
				"${PODS_ROOT}/Manifest.lock",
			);
			name = "[CP] Check Pods Manifest.lock";
			outputFileListPaths = (
			);
			outputPaths = (
				"$(DERIVED_FILE_DIR)/Pods-TestFlatRockTech-checkManifestLockResult.txt",
			);
			runOnlyForDeploymentPostprocessing = 0;
			shellPath = /bin/sh;
			shellScript = "diff \"${PODS_PODFILE_DIR_PATH}/Podfile.lock\" \"${PODS_ROOT}/Manifest.lock\" > /dev/null\nif [ $? != 0 ] ; then\n    # print error to STDERR\n    echo \"error: The sandbox is not in sync with the Podfile.lock. Run 'pod install' or update your CocoaPods installation.\" >&2\n    exit 1\nfi\n# This output is used by Xcode 'outputs' to avoid re-running this script phase.\necho \"SUCCESS\" > \"${SCRIPT_OUTPUT_FILE_0}\"\n";
			showEnvVarsInLog = 0;
		};
		CF6CF5C7A048F60F55E30FC3 /* [CP] Embed Pods Frameworks */ = {
			isa = PBXShellScriptBuildPhase;
			buildActionMask = 2147483647;
			files = (
			);
			inputFileListPaths = (
				"${PODS_ROOT}/Target Support Files/Pods-TestFlatRockTech-TestFlatRockTechUITests/Pods-TestFlatRockTech-TestFlatRockTechUITests-frameworks-${CONFIGURATION}-input-files.xcfilelist",
			);
			name = "[CP] Embed Pods Frameworks";
			outputFileListPaths = (
				"${PODS_ROOT}/Target Support Files/Pods-TestFlatRockTech-TestFlatRockTechUITests/Pods-TestFlatRockTech-TestFlatRockTechUITests-frameworks-${CONFIGURATION}-output-files.xcfilelist",
			);
			runOnlyForDeploymentPostprocessing = 0;
			shellPath = /bin/sh;
			shellScript = "\"${PODS_ROOT}/Target Support Files/Pods-TestFlatRockTech-TestFlatRockTechUITests/Pods-TestFlatRockTech-TestFlatRockTechUITests-frameworks.sh\"\n";
			showEnvVarsInLog = 0;
		};
		FFC664E3E70C77F8B3E87F65 /* [CP] Embed Pods Frameworks */ = {
			isa = PBXShellScriptBuildPhase;
			buildActionMask = 2147483647;
			files = (
			);
			inputFileListPaths = (
				"${PODS_ROOT}/Target Support Files/Pods-TestFlatRockTech/Pods-TestFlatRockTech-frameworks-${CONFIGURATION}-input-files.xcfilelist",
			);
			name = "[CP] Embed Pods Frameworks";
			outputFileListPaths = (
				"${PODS_ROOT}/Target Support Files/Pods-TestFlatRockTech/Pods-TestFlatRockTech-frameworks-${CONFIGURATION}-output-files.xcfilelist",
			);
			runOnlyForDeploymentPostprocessing = 0;
			shellPath = /bin/sh;
			shellScript = "\"${PODS_ROOT}/Target Support Files/Pods-TestFlatRockTech/Pods-TestFlatRockTech-frameworks.sh\"\n";
			showEnvVarsInLog = 0;
		};
/* End PBXShellScriptBuildPhase section */

/* Begin PBXSourcesBuildPhase section */
		67BAEE252833AE1400A2CCE8 /* Sources */ = {
			isa = PBXSourcesBuildPhase;
			buildActionMask = 2147483647;
			files = (
				67BAEE742833AE7100A2CCE8 /* RepositoryListViewController.swift in Sources */,
				67BAEE702833AE7100A2CCE8 /* RepositoryListPresenter.swift in Sources */,
				67A89F022837963F00F65ECA /* StaredReposPresenter.swift in Sources */,
				67A89EEE28365BA200F65ECA /* ImageLoader.swift in Sources */,
				67BAEE7D2833AE9100A2CCE8 /* RepositoryDetailsPresenter.swift in Sources */,
				67BAEE7F2833AE9100A2CCE8 /* RepositoryDetailsRouter.swift in Sources */,
				67BAEE822833AE9100A2CCE8 /* RepositoryDetailsInteractor.swift in Sources */,
				67A89EDF283520BE00F65ECA /* UIViewController+Alert.swift in Sources */,
				67BAEE662833AE4000A2CCE8 /* SearchModels.swift in Sources */,
				67BAEE652833AE4000A2CCE8 /* SearchRouter.swift in Sources */,
				677C451428379AA80019AFE2 /* IdentifiableObject.swift in Sources */,
				677C451A28379DB00019AFE2 /* Constants.swift in Sources */,
				67A89F032837963F00F65ECA /* StaredReposWorker.swift in Sources */,
				67A89EE7283657F000F65ECA /* StoryBoard+Instantiate.swift in Sources */,
				67BAEE672833AE4000A2CCE8 /* SearchViewController.swift in Sources */,
				677C451828379D570019AFE2 /* RealmError.swift in Sources */,
				67A89EE92836582A00F65ECA /* StoryboardType.swift in Sources */,
				67BAEE682833AE4000A2CCE8 /* SearchInteractor.swift in Sources */,
				67A89F062837963F00F65ECA /* StaredReposViewController.swift in Sources */,
				67A89EDA2833F84E00F65ECA /* ApiAPIClient.swift in Sources */,
				67A89EF42836962B00F65ECA /* DateString+ToCorrectString.swift in Sources */,
				67A89F042837963F00F65ECA /* StaredReposRouter.swift in Sources */,
				67BAEE7E2833AE9100A2CCE8 /* RepositoryDetailsWorker.swift in Sources */,
				67A89ED72833F52E00F65ECA /* User.swift in Sources */,
				67BAEE312833AE1400A2CCE8 /* ViewController.swift in Sources */,
				67BAEE642833AE4000A2CCE8 /* SearchWorker.swift in Sources */,
				67A89EEB283659D500F65ECA /* Registerable.swift in Sources */,
				67BAEE712833AE7100A2CCE8 /* RepositoryListWorker.swift in Sources */,
				67BAEE2D2833AE1400A2CCE8 /* AppDelegate.swift in Sources */,
				67A89EF22836905900F65ECA /* Repo.swift in Sources */,
				67BAEE802833AE9100A2CCE8 /* RepositoryDetailsModels.swift in Sources */,
				67A89EF928377A0F00F65ECA /* RepoListTableViewCell.swift in Sources */,
				67BAEE632833AE4000A2CCE8 /* SearchPresenter.swift in Sources */,
				67BAEE722833AE7100A2CCE8 /* RepositoryListRouter.swift in Sources */,
				677C451628379CE40019AFE2 /* RealmConnectable.swift in Sources */,
				67A89F072837963F00F65ECA /* StaredReposInteractor.swift in Sources */,
				67BAEE2F2833AE1400A2CCE8 /* SceneDelegate.swift in Sources */,
				67A89EDC2833FA6A00F65ECA /* App Constants.swift in Sources */,
				67BAEE812833AE9100A2CCE8 /* RepositoryDetailsViewController.swift in Sources */,
				67BAEE732833AE7100A2CCE8 /* RepositoryListModels.swift in Sources */,
				67A89F052837963F00F65ECA /* StaredReposModels.swift in Sources */,
				67BAEE752833AE7100A2CCE8 /* RepositoryListInteractor.swift in Sources */,
			);
			runOnlyForDeploymentPostprocessing = 0;
		};
		67BAEE3B2833AE1700A2CCE8 /* Sources */ = {
			isa = PBXSourcesBuildPhase;
			buildActionMask = 2147483647;
			files = (
				67BAEE442833AE1700A2CCE8 /* TestFlatRockTechTests.swift in Sources */,
			);
			runOnlyForDeploymentPostprocessing = 0;
		};
		67BAEE452833AE1700A2CCE8 /* Sources */ = {
			isa = PBXSourcesBuildPhase;
			buildActionMask = 2147483647;
			files = (
				67BAEE502833AE1700A2CCE8 /* TestFlatRockTechUITestsLaunchTests.swift in Sources */,
				67BAEE4E2833AE1700A2CCE8 /* TestFlatRockTechUITests.swift in Sources */,
			);
			runOnlyForDeploymentPostprocessing = 0;
		};
/* End PBXSourcesBuildPhase section */

/* Begin PBXTargetDependency section */
		67BAEE412833AE1700A2CCE8 /* PBXTargetDependency */ = {
			isa = PBXTargetDependency;
			target = 67BAEE282833AE1400A2CCE8 /* TestFlatRockTech */;
			targetProxy = 67BAEE402833AE1700A2CCE8 /* PBXContainerItemProxy */;
		};
		67BAEE4B2833AE1700A2CCE8 /* PBXTargetDependency */ = {
			isa = PBXTargetDependency;
			target = 67BAEE282833AE1400A2CCE8 /* TestFlatRockTech */;
			targetProxy = 67BAEE4A2833AE1700A2CCE8 /* PBXContainerItemProxy */;
		};
/* End PBXTargetDependency section */

/* Begin PBXVariantGroup section */
		67BAEE322833AE1400A2CCE8 /* Main.storyboard */ = {
			isa = PBXVariantGroup;
			children = (
				67BAEE332833AE1400A2CCE8 /* Base */,
			);
			name = Main.storyboard;
			sourceTree = "<group>";
		};
		67BAEE372833AE1600A2CCE8 /* LaunchScreen.storyboard */ = {
			isa = PBXVariantGroup;
			children = (
				67BAEE382833AE1600A2CCE8 /* Base */,
			);
			name = LaunchScreen.storyboard;
			sourceTree = "<group>";
		};
/* End PBXVariantGroup section */

/* Begin XCBuildConfiguration section */
		67BAEE512833AE1700A2CCE8 /* Debug */ = {
			isa = XCBuildConfiguration;
			buildSettings = {
				ALWAYS_SEARCH_USER_PATHS = NO;
				CLANG_ANALYZER_NONNULL = YES;
				CLANG_ANALYZER_NUMBER_OBJECT_CONVERSION = YES_AGGRESSIVE;
				CLANG_CXX_LANGUAGE_STANDARD = "gnu++17";
				CLANG_ENABLE_MODULES = YES;
				CLANG_ENABLE_OBJC_ARC = YES;
				CLANG_ENABLE_OBJC_WEAK = YES;
				CLANG_WARN_BLOCK_CAPTURE_AUTORELEASING = YES;
				CLANG_WARN_BOOL_CONVERSION = YES;
				CLANG_WARN_COMMA = YES;
				CLANG_WARN_CONSTANT_CONVERSION = YES;
				CLANG_WARN_DEPRECATED_OBJC_IMPLEMENTATIONS = YES;
				CLANG_WARN_DIRECT_OBJC_ISA_USAGE = YES_ERROR;
				CLANG_WARN_DOCUMENTATION_COMMENTS = YES;
				CLANG_WARN_EMPTY_BODY = YES;
				CLANG_WARN_ENUM_CONVERSION = YES;
				CLANG_WARN_INFINITE_RECURSION = YES;
				CLANG_WARN_INT_CONVERSION = YES;
				CLANG_WARN_NON_LITERAL_NULL_CONVERSION = YES;
				CLANG_WARN_OBJC_IMPLICIT_RETAIN_SELF = YES;
				CLANG_WARN_OBJC_LITERAL_CONVERSION = YES;
				CLANG_WARN_OBJC_ROOT_CLASS = YES_ERROR;
				CLANG_WARN_QUOTED_INCLUDE_IN_FRAMEWORK_HEADER = YES;
				CLANG_WARN_RANGE_LOOP_ANALYSIS = YES;
				CLANG_WARN_STRICT_PROTOTYPES = YES;
				CLANG_WARN_SUSPICIOUS_MOVE = YES;
				CLANG_WARN_UNGUARDED_AVAILABILITY = YES_AGGRESSIVE;
				CLANG_WARN_UNREACHABLE_CODE = YES;
				CLANG_WARN__DUPLICATE_METHOD_MATCH = YES;
				COPY_PHASE_STRIP = NO;
				DEBUG_INFORMATION_FORMAT = dwarf;
				ENABLE_STRICT_OBJC_MSGSEND = YES;
				ENABLE_TESTABILITY = YES;
				GCC_C_LANGUAGE_STANDARD = gnu11;
				GCC_DYNAMIC_NO_PIC = NO;
				GCC_NO_COMMON_BLOCKS = YES;
				GCC_OPTIMIZATION_LEVEL = 0;
				GCC_PREPROCESSOR_DEFINITIONS = (
					"DEBUG=1",
					"$(inherited)",
				);
				GCC_WARN_64_TO_32_BIT_CONVERSION = YES;
				GCC_WARN_ABOUT_RETURN_TYPE = YES_ERROR;
				GCC_WARN_UNDECLARED_SELECTOR = YES;
				GCC_WARN_UNINITIALIZED_AUTOS = YES_AGGRESSIVE;
				GCC_WARN_UNUSED_FUNCTION = YES;
				GCC_WARN_UNUSED_VARIABLE = YES;
				IPHONEOS_DEPLOYMENT_TARGET = 15.4;
				MTL_ENABLE_DEBUG_INFO = INCLUDE_SOURCE;
				MTL_FAST_MATH = YES;
				ONLY_ACTIVE_ARCH = YES;
				SDKROOT = iphoneos;
				SWIFT_ACTIVE_COMPILATION_CONDITIONS = DEBUG;
				SWIFT_OPTIMIZATION_LEVEL = "-Onone";
			};
			name = Debug;
		};
		67BAEE522833AE1700A2CCE8 /* Release */ = {
			isa = XCBuildConfiguration;
			buildSettings = {
				ALWAYS_SEARCH_USER_PATHS = NO;
				CLANG_ANALYZER_NONNULL = YES;
				CLANG_ANALYZER_NUMBER_OBJECT_CONVERSION = YES_AGGRESSIVE;
				CLANG_CXX_LANGUAGE_STANDARD = "gnu++17";
				CLANG_ENABLE_MODULES = YES;
				CLANG_ENABLE_OBJC_ARC = YES;
				CLANG_ENABLE_OBJC_WEAK = YES;
				CLANG_WARN_BLOCK_CAPTURE_AUTORELEASING = YES;
				CLANG_WARN_BOOL_CONVERSION = YES;
				CLANG_WARN_COMMA = YES;
				CLANG_WARN_CONSTANT_CONVERSION = YES;
				CLANG_WARN_DEPRECATED_OBJC_IMPLEMENTATIONS = YES;
				CLANG_WARN_DIRECT_OBJC_ISA_USAGE = YES_ERROR;
				CLANG_WARN_DOCUMENTATION_COMMENTS = YES;
				CLANG_WARN_EMPTY_BODY = YES;
				CLANG_WARN_ENUM_CONVERSION = YES;
				CLANG_WARN_INFINITE_RECURSION = YES;
				CLANG_WARN_INT_CONVERSION = YES;
				CLANG_WARN_NON_LITERAL_NULL_CONVERSION = YES;
				CLANG_WARN_OBJC_IMPLICIT_RETAIN_SELF = YES;
				CLANG_WARN_OBJC_LITERAL_CONVERSION = YES;
				CLANG_WARN_OBJC_ROOT_CLASS = YES_ERROR;
				CLANG_WARN_QUOTED_INCLUDE_IN_FRAMEWORK_HEADER = YES;
				CLANG_WARN_RANGE_LOOP_ANALYSIS = YES;
				CLANG_WARN_STRICT_PROTOTYPES = YES;
				CLANG_WARN_SUSPICIOUS_MOVE = YES;
				CLANG_WARN_UNGUARDED_AVAILABILITY = YES_AGGRESSIVE;
				CLANG_WARN_UNREACHABLE_CODE = YES;
				CLANG_WARN__DUPLICATE_METHOD_MATCH = YES;
				COPY_PHASE_STRIP = NO;
				DEBUG_INFORMATION_FORMAT = "dwarf-with-dsym";
				ENABLE_NS_ASSERTIONS = NO;
				ENABLE_STRICT_OBJC_MSGSEND = YES;
				GCC_C_LANGUAGE_STANDARD = gnu11;
				GCC_NO_COMMON_BLOCKS = YES;
				GCC_WARN_64_TO_32_BIT_CONVERSION = YES;
				GCC_WARN_ABOUT_RETURN_TYPE = YES_ERROR;
				GCC_WARN_UNDECLARED_SELECTOR = YES;
				GCC_WARN_UNINITIALIZED_AUTOS = YES_AGGRESSIVE;
				GCC_WARN_UNUSED_FUNCTION = YES;
				GCC_WARN_UNUSED_VARIABLE = YES;
				IPHONEOS_DEPLOYMENT_TARGET = 15.4;
				MTL_ENABLE_DEBUG_INFO = NO;
				MTL_FAST_MATH = YES;
				SDKROOT = iphoneos;
				SWIFT_COMPILATION_MODE = wholemodule;
				SWIFT_OPTIMIZATION_LEVEL = "-O";
				VALIDATE_PRODUCT = YES;
			};
			name = Release;
		};
		67BAEE542833AE1700A2CCE8 /* Debug */ = {
			isa = XCBuildConfiguration;
			baseConfigurationReference = 9D5AD9C8D4D2A43EFE00DC61 /* Pods-TestFlatRockTech.debug.xcconfig */;
			buildSettings = {
				ASSETCATALOG_COMPILER_APPICON_NAME = AppIcon;
				ASSETCATALOG_COMPILER_GLOBAL_ACCENT_COLOR_NAME = AccentColor;
				CODE_SIGN_STYLE = Automatic;
				CURRENT_PROJECT_VERSION = 1;
				DEVELOPMENT_TEAM = 882Y7347Y5;
				GENERATE_INFOPLIST_FILE = YES;
				INFOPLIST_FILE = TestFlatRockTech/Info.plist;
				INFOPLIST_KEY_UIApplicationSupportsIndirectInputEvents = YES;
				INFOPLIST_KEY_UILaunchStoryboardName = LaunchScreen;
				INFOPLIST_KEY_UIMainStoryboardFile = Main;
				INFOPLIST_KEY_UISupportedInterfaceOrientations = UIInterfaceOrientationPortrait;
				INFOPLIST_KEY_UISupportedInterfaceOrientations_iPad = "UIInterfaceOrientationPortrait UIInterfaceOrientationPortraitUpsideDown UIInterfaceOrientationLandscapeLeft UIInterfaceOrientationLandscapeRight";
				INFOPLIST_KEY_UISupportedInterfaceOrientations_iPhone = "UIInterfaceOrientationPortrait UIInterfaceOrientationLandscapeLeft UIInterfaceOrientationLandscapeRight";
				LD_RUNPATH_SEARCH_PATHS = (
					"$(inherited)",
					"@executable_path/Frameworks",
				);
				MARKETING_VERSION = 1.0;
				PRODUCT_BUNDLE_IDENTIFIER = testApp.TestFlatRockTech;
				PRODUCT_NAME = "$(TARGET_NAME)";
				SWIFT_EMIT_LOC_STRINGS = YES;
				SWIFT_VERSION = 5.0;
				TARGETED_DEVICE_FAMILY = "1,2";
			};
			name = Debug;
		};
		67BAEE552833AE1700A2CCE8 /* Release */ = {
			isa = XCBuildConfiguration;
			baseConfigurationReference = 056937E8D208F9BCDDE2E1A2 /* Pods-TestFlatRockTech.release.xcconfig */;
			buildSettings = {
				ASSETCATALOG_COMPILER_APPICON_NAME = AppIcon;
				ASSETCATALOG_COMPILER_GLOBAL_ACCENT_COLOR_NAME = AccentColor;
				CODE_SIGN_STYLE = Automatic;
				CURRENT_PROJECT_VERSION = 1;
				DEVELOPMENT_TEAM = 882Y7347Y5;
				GENERATE_INFOPLIST_FILE = YES;
				INFOPLIST_FILE = TestFlatRockTech/Info.plist;
				INFOPLIST_KEY_UIApplicationSupportsIndirectInputEvents = YES;
				INFOPLIST_KEY_UILaunchStoryboardName = LaunchScreen;
				INFOPLIST_KEY_UIMainStoryboardFile = Main;
				INFOPLIST_KEY_UISupportedInterfaceOrientations = UIInterfaceOrientationPortrait;
				INFOPLIST_KEY_UISupportedInterfaceOrientations_iPad = "UIInterfaceOrientationPortrait UIInterfaceOrientationPortraitUpsideDown UIInterfaceOrientationLandscapeLeft UIInterfaceOrientationLandscapeRight";
				INFOPLIST_KEY_UISupportedInterfaceOrientations_iPhone = "UIInterfaceOrientationPortrait UIInterfaceOrientationLandscapeLeft UIInterfaceOrientationLandscapeRight";
				LD_RUNPATH_SEARCH_PATHS = (
					"$(inherited)",
					"@executable_path/Frameworks",
				);
				MARKETING_VERSION = 1.0;
				PRODUCT_BUNDLE_IDENTIFIER = testApp.TestFlatRockTech;
				PRODUCT_NAME = "$(TARGET_NAME)";
				SWIFT_EMIT_LOC_STRINGS = YES;
				SWIFT_VERSION = 5.0;
				TARGETED_DEVICE_FAMILY = "1,2";
			};
			name = Release;
		};
		67BAEE572833AE1700A2CCE8 /* Debug */ = {
			isa = XCBuildConfiguration;
			baseConfigurationReference = FF3A4D12950687EA151DC4C7 /* Pods-TestFlatRockTechTests.debug.xcconfig */;
			buildSettings = {
				ALWAYS_EMBED_SWIFT_STANDARD_LIBRARIES = YES;
				BUNDLE_LOADER = "$(TEST_HOST)";
				CODE_SIGN_STYLE = Automatic;
				CURRENT_PROJECT_VERSION = 1;
				DEVELOPMENT_TEAM = 882Y7347Y5;
				GENERATE_INFOPLIST_FILE = YES;
				IPHONEOS_DEPLOYMENT_TARGET = 15.4;
				MARKETING_VERSION = 1.0;
				PRODUCT_BUNDLE_IDENTIFIER = testApp.TestFlatRockTechTests;
				PRODUCT_NAME = "$(TARGET_NAME)";
				SWIFT_EMIT_LOC_STRINGS = NO;
				SWIFT_VERSION = 5.0;
				TARGETED_DEVICE_FAMILY = "1,2";
				TEST_HOST = "$(BUILT_PRODUCTS_DIR)/TestFlatRockTech.app/TestFlatRockTech";
			};
			name = Debug;
		};
		67BAEE582833AE1700A2CCE8 /* Release */ = {
			isa = XCBuildConfiguration;
			baseConfigurationReference = 878380D2846EFDC39E63BD4D /* Pods-TestFlatRockTechTests.release.xcconfig */;
			buildSettings = {
				ALWAYS_EMBED_SWIFT_STANDARD_LIBRARIES = YES;
				BUNDLE_LOADER = "$(TEST_HOST)";
				CODE_SIGN_STYLE = Automatic;
				CURRENT_PROJECT_VERSION = 1;
				DEVELOPMENT_TEAM = 882Y7347Y5;
				GENERATE_INFOPLIST_FILE = YES;
				IPHONEOS_DEPLOYMENT_TARGET = 15.4;
				MARKETING_VERSION = 1.0;
				PRODUCT_BUNDLE_IDENTIFIER = testApp.TestFlatRockTechTests;
				PRODUCT_NAME = "$(TARGET_NAME)";
				SWIFT_EMIT_LOC_STRINGS = NO;
				SWIFT_VERSION = 5.0;
				TARGETED_DEVICE_FAMILY = "1,2";
				TEST_HOST = "$(BUILT_PRODUCTS_DIR)/TestFlatRockTech.app/TestFlatRockTech";
			};
			name = Release;
		};
		67BAEE5A2833AE1700A2CCE8 /* Debug */ = {
			isa = XCBuildConfiguration;
			baseConfigurationReference = F9E3E835276AF851E77A9615 /* Pods-TestFlatRockTech-TestFlatRockTechUITests.debug.xcconfig */;
			buildSettings = {
				ALWAYS_EMBED_SWIFT_STANDARD_LIBRARIES = YES;
				CODE_SIGN_STYLE = Automatic;
				CURRENT_PROJECT_VERSION = 1;
				DEVELOPMENT_TEAM = 882Y7347Y5;
				GENERATE_INFOPLIST_FILE = YES;
				MARKETING_VERSION = 1.0;
				PRODUCT_BUNDLE_IDENTIFIER = testApp.TestFlatRockTechUITests;
				PRODUCT_NAME = "$(TARGET_NAME)";
				SWIFT_EMIT_LOC_STRINGS = NO;
				SWIFT_VERSION = 5.0;
				TARGETED_DEVICE_FAMILY = "1,2";
				TEST_TARGET_NAME = TestFlatRockTech;
			};
			name = Debug;
		};
		67BAEE5B2833AE1700A2CCE8 /* Release */ = {
			isa = XCBuildConfiguration;
			baseConfigurationReference = 30B84535CCA3D3C982756F55 /* Pods-TestFlatRockTech-TestFlatRockTechUITests.release.xcconfig */;
			buildSettings = {
				ALWAYS_EMBED_SWIFT_STANDARD_LIBRARIES = YES;
				CODE_SIGN_STYLE = Automatic;
				CURRENT_PROJECT_VERSION = 1;
				DEVELOPMENT_TEAM = 882Y7347Y5;
				GENERATE_INFOPLIST_FILE = YES;
				MARKETING_VERSION = 1.0;
				PRODUCT_BUNDLE_IDENTIFIER = testApp.TestFlatRockTechUITests;
				PRODUCT_NAME = "$(TARGET_NAME)";
				SWIFT_EMIT_LOC_STRINGS = NO;
				SWIFT_VERSION = 5.0;
				TARGETED_DEVICE_FAMILY = "1,2";
				TEST_TARGET_NAME = TestFlatRockTech;
			};
			name = Release;
		};
/* End XCBuildConfiguration section */

/* Begin XCConfigurationList section */
		67BAEE242833AE1400A2CCE8 /* Build configuration list for PBXProject "TestFlatRockTech" */ = {
			isa = XCConfigurationList;
			buildConfigurations = (
				67BAEE512833AE1700A2CCE8 /* Debug */,
				67BAEE522833AE1700A2CCE8 /* Release */,
			);
			defaultConfigurationIsVisible = 0;
			defaultConfigurationName = Release;
		};
		67BAEE532833AE1700A2CCE8 /* Build configuration list for PBXNativeTarget "TestFlatRockTech" */ = {
			isa = XCConfigurationList;
			buildConfigurations = (
				67BAEE542833AE1700A2CCE8 /* Debug */,
				67BAEE552833AE1700A2CCE8 /* Release */,
			);
			defaultConfigurationIsVisible = 0;
			defaultConfigurationName = Release;
		};
		67BAEE562833AE1700A2CCE8 /* Build configuration list for PBXNativeTarget "TestFlatRockTechTests" */ = {
			isa = XCConfigurationList;
			buildConfigurations = (
				67BAEE572833AE1700A2CCE8 /* Debug */,
				67BAEE582833AE1700A2CCE8 /* Release */,
			);
			defaultConfigurationIsVisible = 0;
			defaultConfigurationName = Release;
		};
		67BAEE592833AE1700A2CCE8 /* Build configuration list for PBXNativeTarget "TestFlatRockTechUITests" */ = {
			isa = XCConfigurationList;
			buildConfigurations = (
				67BAEE5A2833AE1700A2CCE8 /* Debug */,
				67BAEE5B2833AE1700A2CCE8 /* Release */,
			);
			defaultConfigurationIsVisible = 0;
			defaultConfigurationName = Release;
		};
/* End XCConfigurationList section */
	};
	rootObject = 67BAEE212833AE1400A2CCE8 /* Project object */;
}
